
Microsoft Visual Studio Solution File, Format Version 12.00
# Visual Studio 15
VisualStudioVersion = 15.0.28307.329
MinimumVisualStudioVersion = 10.0.40219.1
Project("{FAE04EC0-301F-11D3-BF4B-00C04F79EFBC}") = "projekt11", "projekt11\projekt11.csproj", "{C78BD7F4-E228-4E02-913F-5479D94B9437}"
EndProject
Global
	GlobalSection(SolutionConfigurationPlatforms) = preSolution
		Debug|Any CPU = Debug|Any CPU
		Release|Any CPU = Release|Any CPU
	EndGlobalSection
	GlobalSection(ProjectConfigurationPlatforms) = postSolution
		{C78BD7F4-E228-4E02-913F-5479D94B9437}.Debug|Any CPU.ActiveCfg = Debug|Any CPU
		{C78BD7F4-E228-4E02-913F-5479D94B9437}.Debug|Any CPU.Build.0 = Debug|Any CPU
		{C78BD7F4-E228-4E02-913F-5479D94B9437}.Release|Any CPU.ActiveCfg = Release|Any CPU
		{C78BD7F4-E228-4E02-913F-5479D94B9437}.Release|Any CPU.Build.0 = Release|Any CPU
	EndGlobalSection
	GlobalSection(SolutionProperties) = preSolution
		HideSolutionNode = FALSE
	EndGlobalSection
	GlobalSection(ExtensibilityGlobals) = postSolution
		SolutionGuid = {D310C7B8-ED6B-4480-B67D-0B2AA9B14AE3}
	EndGlobalSection
EndGlobal
